
Microsoft Visual Studio Solution File, Format Version 12.00
# Visual Studio Version 17
VisualStudioVersion = 17.11.35222.181
MinimumVisualStudioVersion = 10.0.40219.1
Project("{FAE04EC0-301F-11D3-BF4B-00C04F79EFBC}") = "RestApiTemplate", "RestApiTemplate\RestApiTemplate.csproj", "{FAA6DABB-A193-49DA-94C3-1BF5B9AE80DB}"
EndProject
Global
	GlobalSection(SolutionConfigurationPlatforms) = preSolution
		Debug|Any CPU = Debug|Any CPU
		Debug|x64 = Debug|x64
		Release|Any CPU = Release|Any CPU
		Release|x64 = Release|x64
	EndGlobalSection
	GlobalSection(ProjectConfigurationPlatforms) = postSolution
		{FAA6DABB-A193-49DA-94C3-1BF5B9AE80DB}.Debug|Any CPU.ActiveCfg = Debug|Any CPU
		{FAA6DABB-A193-49DA-94C3-1BF5B9AE80DB}.Debug|Any CPU.Build.0 = Debug|Any CPU
		{FAA6DABB-A193-49DA-94C3-1BF5B9AE80DB}.Debug|x64.ActiveCfg = Debug|Any CPU
		{FAA6DABB-A193-49DA-94C3-1BF5B9AE80DB}.Debug|x64.Build.0 = Debug|Any CPU
		{FAA6DABB-A193-49DA-94C3-1BF5B9AE80DB}.Release|Any CPU.ActiveCfg = Release|Any CPU
		{FAA6DABB-A193-49DA-94C3-1BF5B9AE80DB}.Release|Any CPU.Build.0 = Release|Any CPU
		{FAA6DABB-A193-49DA-94C3-1BF5B9AE80DB}.Release|x64.ActiveCfg = Release|Any CPU
		{FAA6DABB-A193-49DA-94C3-1BF5B9AE80DB}.Release|x64.Build.0 = Release|Any CPU
	EndGlobalSection
	GlobalSection(SolutionProperties) = preSolution
		HideSolutionNode = FALSE
	EndGlobalSection
	GlobalSection(ExtensibilityGlobals) = postSolution
		SolutionGuid = {DCF033B7-717D-4285-B3F6-CA3442D94736}
	EndGlobalSection
EndGlobal
